# rv32_core.qsf: Quartus settings for the rv32-core board build on the Terasic
# DE1-SoC. Hand written, no wizard output. Pin locations come from the DE1-SoC
# User Manual pin tables and match Terasic's SystemBuilder DE1_SoC.qsf.

set_global_assignment -name FAMILY "Cyclone V"
set_global_assignment -name DEVICE 5CSEMA5F31C6
set_global_assignment -name TOP_LEVEL_ENTITY de1_soc_top
set_global_assignment -name ORIGINAL_QUARTUS_VERSION 23.1STD.0
set_global_assignment -name LAST_QUARTUS_VERSION "23.1std.1 Lite Edition"
set_global_assignment -name PROJECT_OUTPUT_DIRECTORY output_files
set_global_assignment -name MIN_CORE_JUNCTION_TEMP 0
set_global_assignment -name MAX_CORE_JUNCTION_TEMP 85
set_global_assignment -name ERROR_CHECK_FREQUENCY_DIVISOR 256

# Every DE1-SoC pin this design touches is a 3.3 V bank, and unused pins are
# tri-stated rather than driven, which is what the board expects.
set_global_assignment -name STRATIX_DEVICE_IO_STANDARD "3.3-V LVTTL"
set_global_assignment -name RESERVE_ALL_UNUSED_PINS "AS INPUT TRI-STATED"

# Quartus resolves relative file names against the project directory, which is
# the directory holding rv32_core.qpf and this file, so quartus/. That is why
# every source path below starts with "../". The same rule applies to the hex
# files that imem and dmem pull in with $readmemh: the RTL defaults are written
# relative to the repo root, so the repo root and the hex directory both go on
# SEARCH_PATH. SEARCH_PATH entries are themselves relative to the project
# directory. The set_parameter lines further down spell the paths out anyway,
# so the build does not depend on SEARCH_PATH behavior alone.
set_global_assignment -name SEARCH_PATH ".."
set_global_assignment -name SEARCH_PATH "../programs/hex"

# rv32_pkg defines the shared types, so it compiles before everything that
# imports it.
set_global_assignment -name SYSTEMVERILOG_FILE ../rtl/rv32_pkg.sv
set_global_assignment -name SYSTEMVERILOG_FILE ../rtl/alu.sv
set_global_assignment -name SYSTEMVERILOG_FILE ../rtl/branch_cmp.sv
set_global_assignment -name SYSTEMVERILOG_FILE ../rtl/control.sv
set_global_assignment -name SYSTEMVERILOG_FILE ../rtl/imm_gen.sv
set_global_assignment -name SYSTEMVERILOG_FILE ../rtl/lsu.sv
set_global_assignment -name SYSTEMVERILOG_FILE ../rtl/reg_file.sv
set_global_assignment -name SYSTEMVERILOG_FILE ../rtl/imem.sv
set_global_assignment -name SYSTEMVERILOG_FILE ../rtl/dmem.sv
set_global_assignment -name SYSTEMVERILOG_FILE ../rtl/mmio.sv
set_global_assignment -name SYSTEMVERILOG_FILE ../rtl/cpu_top.sv
set_global_assignment -name SYSTEMVERILOG_FILE ../rtl/forward_unit.sv
set_global_assignment -name SYSTEMVERILOG_FILE ../rtl/hazard_unit.sv
set_global_assignment -name SYSTEMVERILOG_FILE ../rtl/mem_wb_stage.sv
set_global_assignment -name SYSTEMVERILOG_FILE ../rtl/de1_soc_top.sv

set_global_assignment -name SDC_FILE rv32_core.sdc

# Which program gets baked into block RAM. These override the de1_soc_top
# defaults with the same files spelled relative to the project directory. Point
# them at ../programs/build/<name>.hex to synthesize a hardware timed build
# instead of the committed simulation flavor. Neither line is load bearing on
# its own: drop them and the SEARCH_PATH entries above still resolve the RTL
# defaults.
set_parameter -name IMEM_INIT "../programs/hex/switch_mirror.hex"
set_parameter -name DMEM_INIT "../programs/hex/switch_mirror_data.hex"

# 50 MHz clock input
set_location_assignment PIN_AF14 -to CLOCK_50
set_instance_assignment -name IO_STANDARD "3.3-V LVTTL" -to CLOCK_50

# pushbuttons, active low; KEY[3] is the system reset
set_location_assignment PIN_AA14 -to KEY[0]
set_location_assignment PIN_AA15 -to KEY[1]
set_location_assignment PIN_W15 -to KEY[2]
set_location_assignment PIN_Y16 -to KEY[3]
set_instance_assignment -name IO_STANDARD "3.3-V LVTTL" -to KEY[0]
set_instance_assignment -name IO_STANDARD "3.3-V LVTTL" -to KEY[1]
set_instance_assignment -name IO_STANDARD "3.3-V LVTTL" -to KEY[2]
set_instance_assignment -name IO_STANDARD "3.3-V LVTTL" -to KEY[3]

# slide switches
set_location_assignment PIN_AB12 -to SW[0]
set_location_assignment PIN_AC12 -to SW[1]
set_location_assignment PIN_AF9 -to SW[2]
set_location_assignment PIN_AF10 -to SW[3]
set_location_assignment PIN_AD11 -to SW[4]
set_location_assignment PIN_AD12 -to SW[5]
set_location_assignment PIN_AE11 -to SW[6]
set_location_assignment PIN_AC9 -to SW[7]
set_location_assignment PIN_AD10 -to SW[8]
set_location_assignment PIN_AE12 -to SW[9]
set_instance_assignment -name IO_STANDARD "3.3-V LVTTL" -to SW[0]
set_instance_assignment -name IO_STANDARD "3.3-V LVTTL" -to SW[1]
set_instance_assignment -name IO_STANDARD "3.3-V LVTTL" -to SW[2]
set_instance_assignment -name IO_STANDARD "3.3-V LVTTL" -to SW[3]
set_instance_assignment -name IO_STANDARD "3.3-V LVTTL" -to SW[4]
set_instance_assignment -name IO_STANDARD "3.3-V LVTTL" -to SW[5]
set_instance_assignment -name IO_STANDARD "3.3-V LVTTL" -to SW[6]
set_instance_assignment -name IO_STANDARD "3.3-V LVTTL" -to SW[7]
set_instance_assignment -name IO_STANDARD "3.3-V LVTTL" -to SW[8]
set_instance_assignment -name IO_STANDARD "3.3-V LVTTL" -to SW[9]

# red LEDs, active high
set_location_assignment PIN_V16 -to LEDR[0]
set_location_assignment PIN_W16 -to LEDR[1]
set_location_assignment PIN_V17 -to LEDR[2]
set_location_assignment PIN_V18 -to LEDR[3]
set_location_assignment PIN_W17 -to LEDR[4]
set_location_assignment PIN_W19 -to LEDR[5]
set_location_assignment PIN_Y19 -to LEDR[6]
set_location_assignment PIN_W20 -to LEDR[7]
set_location_assignment PIN_W21 -to LEDR[8]
set_location_assignment PIN_Y21 -to LEDR[9]
set_instance_assignment -name IO_STANDARD "3.3-V LVTTL" -to LEDR[0]
set_instance_assignment -name IO_STANDARD "3.3-V LVTTL" -to LEDR[1]
set_instance_assignment -name IO_STANDARD "3.3-V LVTTL" -to LEDR[2]
set_instance_assignment -name IO_STANDARD "3.3-V LVTTL" -to LEDR[3]
set_instance_assignment -name IO_STANDARD "3.3-V LVTTL" -to LEDR[4]
set_instance_assignment -name IO_STANDARD "3.3-V LVTTL" -to LEDR[5]
set_instance_assignment -name IO_STANDARD "3.3-V LVTTL" -to LEDR[6]
set_instance_assignment -name IO_STANDARD "3.3-V LVTTL" -to LEDR[7]
set_instance_assignment -name IO_STANDARD "3.3-V LVTTL" -to LEDR[8]
set_instance_assignment -name IO_STANDARD "3.3-V LVTTL" -to LEDR[9]

# seven segment display 0, segments a..g, active low
set_location_assignment PIN_AE26 -to HEX0[0]
set_location_assignment PIN_AE27 -to HEX0[1]
set_location_assignment PIN_AE28 -to HEX0[2]
set_location_assignment PIN_AG27 -to HEX0[3]
set_location_assignment PIN_AF28 -to HEX0[4]
set_location_assignment PIN_AG28 -to HEX0[5]
set_location_assignment PIN_AH28 -to HEX0[6]
set_instance_assignment -name IO_STANDARD "3.3-V LVTTL" -to HEX0[0]
set_instance_assignment -name IO_STANDARD "3.3-V LVTTL" -to HEX0[1]
set_instance_assignment -name IO_STANDARD "3.3-V LVTTL" -to HEX0[2]
set_instance_assignment -name IO_STANDARD "3.3-V LVTTL" -to HEX0[3]
set_instance_assignment -name IO_STANDARD "3.3-V LVTTL" -to HEX0[4]
set_instance_assignment -name IO_STANDARD "3.3-V LVTTL" -to HEX0[5]
set_instance_assignment -name IO_STANDARD "3.3-V LVTTL" -to HEX0[6]

# seven segment display 1, segments a..g, active low
set_location_assignment PIN_AJ29 -to HEX1[0]
set_location_assignment PIN_AH29 -to HEX1[1]
set_location_assignment PIN_AH30 -to HEX1[2]
set_location_assignment PIN_AG30 -to HEX1[3]
set_location_assignment PIN_AF29 -to HEX1[4]
set_location_assignment PIN_AF30 -to HEX1[5]
set_location_assignment PIN_AD27 -to HEX1[6]
set_instance_assignment -name IO_STANDARD "3.3-V LVTTL" -to HEX1[0]
set_instance_assignment -name IO_STANDARD "3.3-V LVTTL" -to HEX1[1]
set_instance_assignment -name IO_STANDARD "3.3-V LVTTL" -to HEX1[2]
set_instance_assignment -name IO_STANDARD "3.3-V LVTTL" -to HEX1[3]
set_instance_assignment -name IO_STANDARD "3.3-V LVTTL" -to HEX1[4]
set_instance_assignment -name IO_STANDARD "3.3-V LVTTL" -to HEX1[5]
set_instance_assignment -name IO_STANDARD "3.3-V LVTTL" -to HEX1[6]

# seven segment display 2, segments a..g, active low
set_location_assignment PIN_AB23 -to HEX2[0]
set_location_assignment PIN_AE29 -to HEX2[1]
set_location_assignment PIN_AD29 -to HEX2[2]
set_location_assignment PIN_AC28 -to HEX2[3]
set_location_assignment PIN_AD30 -to HEX2[4]
set_location_assignment PIN_AC29 -to HEX2[5]
set_location_assignment PIN_AC30 -to HEX2[6]
set_instance_assignment -name IO_STANDARD "3.3-V LVTTL" -to HEX2[0]
set_instance_assignment -name IO_STANDARD "3.3-V LVTTL" -to HEX2[1]
set_instance_assignment -name IO_STANDARD "3.3-V LVTTL" -to HEX2[2]
set_instance_assignment -name IO_STANDARD "3.3-V LVTTL" -to HEX2[3]
set_instance_assignment -name IO_STANDARD "3.3-V LVTTL" -to HEX2[4]
set_instance_assignment -name IO_STANDARD "3.3-V LVTTL" -to HEX2[5]
set_instance_assignment -name IO_STANDARD "3.3-V LVTTL" -to HEX2[6]

# seven segment display 3, segments a..g, active low
set_location_assignment PIN_AD26 -to HEX3[0]
set_location_assignment PIN_AC27 -to HEX3[1]
set_location_assignment PIN_AD25 -to HEX3[2]
set_location_assignment PIN_AC25 -to HEX3[3]
set_location_assignment PIN_AB28 -to HEX3[4]
set_location_assignment PIN_AB25 -to HEX3[5]
set_location_assignment PIN_AB22 -to HEX3[6]
set_instance_assignment -name IO_STANDARD "3.3-V LVTTL" -to HEX3[0]
set_instance_assignment -name IO_STANDARD "3.3-V LVTTL" -to HEX3[1]
set_instance_assignment -name IO_STANDARD "3.3-V LVTTL" -to HEX3[2]
set_instance_assignment -name IO_STANDARD "3.3-V LVTTL" -to HEX3[3]
set_instance_assignment -name IO_STANDARD "3.3-V LVTTL" -to HEX3[4]
set_instance_assignment -name IO_STANDARD "3.3-V LVTTL" -to HEX3[5]
set_instance_assignment -name IO_STANDARD "3.3-V LVTTL" -to HEX3[6]

# seven segment display 4, segments a..g, active low
set_location_assignment PIN_AA24 -to HEX4[0]
set_location_assignment PIN_Y23 -to HEX4[1]
set_location_assignment PIN_Y24 -to HEX4[2]
set_location_assignment PIN_W22 -to HEX4[3]
set_location_assignment PIN_W24 -to HEX4[4]
set_location_assignment PIN_V23 -to HEX4[5]
set_location_assignment PIN_W25 -to HEX4[6]
set_instance_assignment -name IO_STANDARD "3.3-V LVTTL" -to HEX4[0]
set_instance_assignment -name IO_STANDARD "3.3-V LVTTL" -to HEX4[1]
set_instance_assignment -name IO_STANDARD "3.3-V LVTTL" -to HEX4[2]
set_instance_assignment -name IO_STANDARD "3.3-V LVTTL" -to HEX4[3]
set_instance_assignment -name IO_STANDARD "3.3-V LVTTL" -to HEX4[4]
set_instance_assignment -name IO_STANDARD "3.3-V LVTTL" -to HEX4[5]
set_instance_assignment -name IO_STANDARD "3.3-V LVTTL" -to HEX4[6]

# seven segment display 5, segments a..g, active low
set_location_assignment PIN_V25 -to HEX5[0]
set_location_assignment PIN_AA28 -to HEX5[1]
set_location_assignment PIN_Y27 -to HEX5[2]
set_location_assignment PIN_AB27 -to HEX5[3]
set_location_assignment PIN_AB26 -to HEX5[4]
set_location_assignment PIN_AA26 -to HEX5[5]
set_location_assignment PIN_AA25 -to HEX5[6]
set_instance_assignment -name IO_STANDARD "3.3-V LVTTL" -to HEX5[0]
set_instance_assignment -name IO_STANDARD "3.3-V LVTTL" -to HEX5[1]
set_instance_assignment -name IO_STANDARD "3.3-V LVTTL" -to HEX5[2]
set_instance_assignment -name IO_STANDARD "3.3-V LVTTL" -to HEX5[3]
set_instance_assignment -name IO_STANDARD "3.3-V LVTTL" -to HEX5[4]
set_instance_assignment -name IO_STANDARD "3.3-V LVTTL" -to HEX5[5]
set_instance_assignment -name IO_STANDARD "3.3-V LVTTL" -to HEX5[6]

set_global_assignment -name RESERVE_ALL_UNUSED_PINS_NO_OUTPUT_GND "AS INPUT TRI-STATED"
